Microsoft Visual Studio Solution File, Format Version 12.00
# 
Project("{FAE04EC0-301F-11D3-BF4B-00C04F79EFBC}") = "Jellyfin.Plugin.PreventSleep", "Jellyfin.Plugin.PreventSleep\Jellyfin.Plugin.PreventSleep.csproj", "{BE51CCFD-EBA0-46F6-B286-0726A1DFC145}"
EndProject
Global
	GlobalSection(SolutionConfigurationPlatforms) = preSolution
		Debug|Any CPU = Debug|Any CPU
		Release|Any CPU = Release|Any CPU
	EndGlobalSection
	GlobalSection(ProjectConfigurationPlatforms) = postSolution
		{BE51CCFD-EBA0-46F6-B286-0726A1DFC145}.Debug|Any CPU.ActiveCfg = Debug|Any CPU
		{BE51CCFD-EBA0-46F6-B286-0726A1DFC145}.Debug|Any CPU.Build.0 = Debug|Any CPU
		{BE51CCFD-EBA0-46F6-B286-0726A1DFC145}.Release|Any CPU.ActiveCfg = Release|Any CPU
		{BE51CCFD-EBA0-46F6-B286-0726A1DFC145}.Release|Any CPU.Build.0 = Release|Any CPU
	EndGlobalSection
EndGlobal
